// !$*UTF8*$!
{
	archiveVersion = 1;
	classes = {
	};
	objectVersion = 56;
	objects = {

/* Begin PBXBuildFile section */
		F29798A82A7DE87F00208E9F /* AppDelegate.swift in Sources */ = {isa = PBXBuildFile; fileRef = F29798A72A7DE87F00208E9F /* AppDelegate.swift */; };
		F29798AA2A7DE87F00208E9F /* SceneDelegate.swift in Sources */ = {isa = PBXBuildFile; fileRef = F29798A92A7DE87F00208E9F /* SceneDelegate.swift */; };
		F29798AC2A7DE87F00208E9F /* ViewController.swift in Sources */ = {isa = PBXBuildFile; fileRef = F29798AB2A7DE87F00208E9F /* ViewController.swift */; };
		F29798AF2A7DE87F00208E9F /* Main.storyboard in Resources */ = {isa = PBXBuildFile; fileRef = F29798AD2A7DE87F00208E9F /* Main.storyboard */; };
		F29798B12A7DE88000208E9F /* Assets.xcassets in Resources */ = {isa = PBXBuildFile; fileRef = F29798B02A7DE88000208E9F /* Assets.xcassets */; };
		F29798B42A7DE88000208E9F /* LaunchScreen.storyboard in Resources */ = {isa = PBXBuildFile; fileRef = F29798B22A7DE88000208E9F /* LaunchScreen.storyboard */; };
/* End PBXBuildFile section */

/* Begin PBXFileReference section */
		F29798A42A7DE87F00208E9F /* Liverpool Cardiac Anaesthesia and Medical Perfusion.app */ = {isa = PBXFileReference; explicitFileType = wrapper.application; includeInIndex = 0; path = "Liverpool Cardiac Anaesthesia and Medical Perfusion.app"; sourceTree = BUILT_PRODUCTS_DIR; };
		F29798A72A7DE87F00208E9F /* AppDelegate.swift */ = {isa = PBXFileReference; lastKnownFileType = sourcecode.swift; path = AppDelegate.swift; sourceTree = "<group>"; };
		F29798A92A7DE87F00208E9F /* SceneDelegate.swift */ = {isa = PBXFileReference; lastKnownFileType = sourcecode.swift; path = SceneDelegate.swift; sourceTree = "<group>"; };
		F29798AB2A7DE87F00208E9F /* ViewController.swift */ = {isa = PBXFileReference; lastKnownFileType = sourcecode.swift; path = ViewController.swift; sourceTree = "<group>"; };
		F29798AE2A7DE87F00208E9F /* Base */ = {isa = PBXFileReference; lastKnownFileType = file.storyboard; name = Base; path = Base.lproj/Main.storyboard; sourceTree = "<group>"; };
		F29798B02A7DE88000208E9F /* Assets.xcassets */ = {isa = PBXFileReference; lastKnownFileType = folder.assetcatalog; path = Assets.xcassets; sourceTree = "<group>"; };
		F29798B32A7DE88000208E9F /* Base */ = {isa = PBXFileReference; lastKnownFileType = file.storyboard; name = Base; path = Base.lproj/LaunchScreen.storyboard; sourceTree = "<group>"; };
		F29798B52A7DE88000208E9F /* Info.plist */ = {isa = PBXFileReference; lastKnownFileType = text.plist.xml; path = Info.plist; sourceTree = "<group>"; };
/* End PBXFileReference section */

/* Begin PBXFrameworksBuildPhase section */
		F29798A12A7DE87F00208E9F /* Frameworks */ = {
			isa = PBXFrameworksBuildPhase;
			buildActionMask = 2147483647;
			files = (
			);
			runOnlyForDeploymentPostprocessing = 0;
		};
/* End PBXFrameworksBuildPhase section */

/* Begin PBXGroup section */
		F297989B2A7DE87F00208E9F = {
			isa = PBXGroup;
			children = (
				F29798A62A7DE87F00208E9F /* Liverpool Cardiac Anaesthesia and Medical Perfusion */,
				F29798A52A7DE87F00208E9F /* Products */,
			);
			sourceTree = "<group>";
		};
		F29798A52A7DE87F00208E9F /* Products */ = {
			isa = PBXGroup;
			children = (
				F29798A42A7DE87F00208E9F /* Liverpool Cardiac Anaesthesia and Medical Perfusion.app */,
			);
			name = Products;
			sourceTree = "<group>";
		};
		F29798A62A7DE87F00208E9F /* Liverpool Cardiac Anaesthesia and Medical Perfusion */ = {
			isa = PBXGroup;
			children = (
				F29798A72A7DE87F00208E9F /* AppDelegate.swift */,
				F29798A92A7DE87F00208E9F /* SceneDelegate.swift */,
				F29798AB2A7DE87F00208E9F /* ViewController.swift */,
				F29798AD2A7DE87F00208E9F /* Main.storyboard */,
				F29798B02A7DE88000208E9F /* Assets.xcassets */,
				F29798B22A7DE88000208E9F /* LaunchScreen.storyboard */,
				F29798B52A7DE88000208E9F /* Info.plist */,
			);
			path = "Liverpool Cardiac Anaesthesia and Medical Perfusion";
			sourceTree = "<group>";
		};
/* End PBXGroup section */

/* Begin PBXNativeTarget section */
		F29798A32A7DE87F00208E9F /* Liverpool Cardiac Anaesthesia and Medical Perfusion */ = {
			isa = PBXNativeTarget;
			buildConfigurationList = F29798B82A7DE88000208E9F /* Build configuration list for PBXNativeTarget "Liverpool Cardiac Anaesthesia and Medical Perfusion" */;
			buildPhases = (
				F29798A02A7DE87F00208E9F /* Sources */,
				F29798A12A7DE87F00208E9F /* Frameworks */,
				F29798A22A7DE87F00208E9F /* Resources */,
			);
			buildRules = (
			);
			dependencies = (
			);
			name = "Liverpool Cardiac Anaesthesia and Medical Perfusion";
			productName = "Liverpool Cardiac Anaesthesia and Medical Perfusion";
			productReference = F29798A42A7DE87F00208E9F /* Liverpool Cardiac Anaesthesia and Medical Perfusion.app */;
			productType = "com.apple.product-type.application";
		};
/* End PBXNativeTarget section */

/* Begin PBXProject section */
		F297989C2A7DE87F00208E9F /* Project object */ = {
			isa = PBXProject;
			attributes = {
				BuildIndependentTargetsInParallel = 1;
				LastSwiftUpdateCheck = 1430;
				LastUpgradeCheck = 1430;
				TargetAttributes = {
					F29798A32A7DE87F00208E9F = {
						CreatedOnToolsVersion = 14.3.1;
					};
				};
			};
			buildConfigurationList = F297989F2A7DE87F00208E9F /* Build configuration list for PBXProject "Liverpool Cardiac Anaesthesia and Medical Perfusion" */;
			compatibilityVersion = "Xcode 14.0";
			developmentRegion = en;
			hasScannedForEncodings = 0;
			knownRegions = (
				en,
				Base,
			);
			mainGroup = F297989B2A7DE87F00208E9F;
			productRefGroup = F29798A52A7DE87F00208E9F /* Products */;
			projectDirPath = "";
			projectRoot = "";
			targets = (
				F29798A32A7DE87F00208E9F /* Liverpool Cardiac Anaesthesia and Medical Perfusion */,
			);
		};
/* End PBXProject section */

/* Begin PBXResourcesBuildPhase section */
		F29798A22A7DE87F00208E9F /* Resources */ = {
			isa = PBXResourcesBuildPhase;
			buildActionMask = 2147483647;
			files = (
				F29798B42A7DE88000208E9F /* LaunchScreen.storyboard in Resources */,
				F29798B12A7DE88000208E9F /* Assets.xcassets in Resources */,
				F29798AF2A7DE87F00208E9F /* Main.storyboard in Resources */,
			);
			runOnlyForDeploymentPostprocessing = 0;
		};
/* End PBXResourcesBuildPhase section */

/* Begin PBXSourcesBuildPhase section */
		F29798A02A7DE87F00208E9F /* Sources */ = {
			isa = PBXSourcesBuildPhase;
			buildActionMask = 2147483647;
			files = (
				F29798AC2A7DE87F00208E9F /* ViewController.swift in Sources */,
				F29798A82A7DE87F00208E9F /* AppDelegate.swift in Sources */,
				F29798AA2A7DE87F00208E9F /* SceneDelegate.swift in Sources */,
			);
			runOnlyForDeploymentPostprocessing = 0;
		};
/* End PBXSourcesBuildPhase section */

/* Begin PBXVariantGroup section */
		F29798AD2A7DE87F00208E9F /* Main.storyboard */ = {
			isa = PBXVariantGroup;
			children = (
				F29798AE2A7DE87F00208E9F /* Base */,
			);
			name = Main.storyboard;
			sourceTree = "<group>";
		};
		F29798B22A7DE88000208E9F /* LaunchScreen.storyboard */ = {
			isa = PBXVariantGroup;
			children = (
				F29798B32A7DE88000208E9F /* Base */,
			);
			name = LaunchScreen.storyboard;
			sourceTree = "<group>";
		};
/* End PBXVariantGroup section */

/* Begin XCBuildConfiguration section */
		F29798B62A7DE88000208E9F /* Debug */ = {
			isa = XCBuildConfiguration;
			buildSettings = {
				ALWAYS_SEARCH_USER_PATHS = NO;
				CLANG_ANALYZER_NONNULL = YES;
				CLANG_ANALYZER_NUMBER_OBJECT_CONVERSION = YES_AGGRESSIVE;
				CLANG_CXX_LANGUAGE_STANDARD = "gnu++20";
				CLANG_ENABLE_MODULES = YES;
				CLANG_ENABLE_OBJC_ARC = YES;
				CLANG_ENABLE_OBJC_WEAK = YES;
				CLANG_WARN_BLOCK_CAPTURE_AUTORELEASING = YES;
				CLANG_WARN_BOOL_CONVERSION = YES;
				CLANG_WARN_COMMA = YES;
				CLANG_WARN_CONSTANT_CONVERSION = YES;
				CLANG_WARN_DEPRECATED_OBJC_IMPLEMENTATIONS = YES;
				CLANG_WARN_DIRECT_OBJC_ISA_USAGE = YES_ERROR;
				CLANG_WARN_DOCUMENTATION_COMMENTS = YES;
				CLANG_WARN_EMPTY_BODY = YES;
				CLANG_WARN_ENUM_CONVERSION = YES;
				CLANG_WARN_INFINITE_RECURSION = YES;
				CLANG_WARN_INT_CONVERSION = YES;
				CLANG_WARN_NON_LITERAL_NULL_CONVERSION = YES;
				CLANG_WARN_OBJC_IMPLICIT_RETAIN_SELF = YES;
				CLANG_WARN_OBJC_LITERAL_CONVERSION = YES;
				CLANG_WARN_OBJC_ROOT_CLASS = YES_ERROR;
				CLANG_WARN_QUOTED_INCLUDE_IN_FRAMEWORK_HEADER = YES;
				CLANG_WARN_RANGE_LOOP_ANALYSIS = YES;
				CLANG_WARN_STRICT_PROTOTYPES = YES;
				CLANG_WARN_SUSPICIOUS_MOVE = YES;
				CLANG_WARN_UNGUARDED_AVAILABILITY = YES_AGGRESSIVE;
				CLANG_WARN_UNREACHABLE_CODE = YES;
				CLANG_WARN__DUPLICATE_METHOD_MATCH = YES;
				COPY_PHASE_STRIP = NO;
				DEBUG_INFORMATION_FORMAT = dwarf;
				ENABLE_STRICT_OBJC_MSGSEND = YES;
				ENABLE_TESTABILITY = YES;
				GCC_C_LANGUAGE_STANDARD = gnu11;
				GCC_DYNAMIC_NO_PIC = NO;
				GCC_NO_COMMON_BLOCKS = YES;
				GCC_OPTIMIZATION_LEVEL = 0;
				GCC_PREPROCESSOR_DEFINITIONS = (
					"DEBUG=1",
					"$(inherited)",
				);
				GCC_WARN_64_TO_32_BIT_CONVERSION = YES;
				GCC_WARN_ABOUT_RETURN_TYPE = YES_ERROR;
				GCC_WARN_UNDECLARED_SELECTOR = YES;
				GCC_WARN_UNINITIALIZED_AUTOS = YES_AGGRESSIVE;
				GCC_WARN_UNUSED_FUNCTION = YES;
				GCC_WARN_UNUSED_VARIABLE = YES;
				IPHONEOS_DEPLOYMENT_TARGET = 16.4;
				MTL_ENABLE_DEBUG_INFO = INCLUDE_SOURCE;
				MTL_FAST_MATH = YES;
				ONLY_ACTIVE_ARCH = YES;
				SDKROOT = iphoneos;
				SWIFT_ACTIVE_COMPILATION_CONDITIONS = DEBUG;
				SWIFT_OPTIMIZATION_LEVEL = "-Onone";
			};
			name = Debug;
		};
		F29798B72A7DE88000208E9F /* Release */ = {
			isa = XCBuildConfiguration;
			buildSettings = {
				ALWAYS_SEARCH_USER_PATHS = NO;
				CLANG_ANALYZER_NONNULL = YES;
				CLANG_ANALYZER_NUMBER_OBJECT_CONVERSION = YES_AGGRESSIVE;
				CLANG_CXX_LANGUAGE_STANDARD = "gnu++20";
				CLANG_ENABLE_MODULES = YES;
				CLANG_ENABLE_OBJC_ARC = YES;
				CLANG_ENABLE_OBJC_WEAK = YES;
				CLANG_WARN_BLOCK_CAPTURE_AUTORELEASING = YES;
				CLANG_WARN_BOOL_CONVERSION = YES;
				CLANG_WARN_COMMA = YES;
				CLANG_WARN_CONSTANT_CONVERSION = YES;
				CLANG_WARN_DEPRECATED_OBJC_IMPLEMENTATIONS = YES;
				CLANG_WARN_DIRECT_OBJC_ISA_USAGE = YES_ERROR;
				CLANG_WARN_DOCUMENTATION_COMMENTS = YES;
				CLANG_WARN_EMPTY_BODY = YES;
				CLANG_WARN_ENUM_CONVERSION = YES;
				CLANG_WARN_INFINITE_RECURSION = YES;
				CLANG_WARN_INT_CONVERSION = YES;
				CLANG_WARN_NON_LITERAL_NULL_CONVERSION = YES;
				CLANG_WARN_OBJC_IMPLICIT_RETAIN_SELF = YES;
				CLANG_WARN_OBJC_LITERAL_CONVERSION = YES;
				CLANG_WARN_OBJC_ROOT_CLASS = YES_ERROR;
				CLANG_WARN_QUOTED_INCLUDE_IN_FRAMEWORK_HEADER = YES;
				CLANG_WARN_RANGE_LOOP_ANALYSIS = YES;
				CLANG_WARN_STRICT_PROTOTYPES = YES;
				CLANG_WARN_SUSPICIOUS_MOVE = YES;
				CLANG_WARN_UNGUARDED_AVAILABILITY = YES_AGGRESSIVE;
				CLANG_WARN_UNREACHABLE_CODE = YES;
				CLANG_WARN__DUPLICATE_METHOD_MATCH = YES;
				COPY_PHASE_STRIP = NO;
				DEBUG_INFORMATION_FORMAT = "dwarf-with-dsym";
				ENABLE_NS_ASSERTIONS = NO;
				ENABLE_STRICT_OBJC_MSGSEND = YES;
				GCC_C_LANGUAGE_STANDARD = gnu11;
				GCC_NO_COMMON_BLOCKS = YES;
				GCC_WARN_64_TO_32_BIT_CONVERSION = YES;
				GCC_WARN_ABOUT_RETURN_TYPE = YES_ERROR;
				GCC_WARN_UNDECLARED_SELECTOR = YES;
				GCC_WARN_UNINITIALIZED_AUTOS = YES_AGGRESSIVE;
				GCC_WARN_UNUSED_FUNCTION = YES;
				GCC_WARN_UNUSED_VARIABLE = YES;
				IPHONEOS_DEPLOYMENT_TARGET = 16.4;
				MTL_ENABLE_DEBUG_INFO = NO;
				MTL_FAST_MATH = YES;
				SDKROOT = iphoneos;
				SWIFT_COMPILATION_MODE = wholemodule;
				SWIFT_OPTIMIZATION_LEVEL = "-O";
				VALIDATE_PRODUCT = YES;
			};
			name = Release;
		};
		F29798B92A7DE88000208E9F /* Debug */ = {
			isa = XCBuildConfiguration;
			buildSettings = {
				ASSETCATALOG_COMPILER_APPICON_NAME = AppIcon;
				ASSETCATALOG_COMPILER_GLOBAL_ACCENT_COLOR_NAME = AccentColor;
				CODE_SIGN_STYLE = Automatic;
				CURRENT_PROJECT_VERSION = 1;
				DEVELOPMENT_TEAM = 7QF8WN4ZQ2;
				GENERATE_INFOPLIST_FILE = YES;
				INFOPLIST_FILE = "Liverpool Cardiac Anaesthesia and Medical Perfusion/Info.plist";
				INFOPLIST_KEY_UIApplicationSupportsIndirectInputEvents = YES;
				INFOPLIST_KEY_UILaunchStoryboardName = LaunchScreen;
				INFOPLIST_KEY_UIMainStoryboardFile = Main;
				INFOPLIST_KEY_UISupportedInterfaceOrientations_iPad = "UIInterfaceOrientationPortrait UIInterfaceOrientationPortraitUpsideDown UIInterfaceOrientationLandscapeLeft UIInterfaceOrientationLandscapeRight";
				INFOPLIST_KEY_UISupportedInterfaceOrientations_iPhone = "UIInterfaceOrientationPortrait UIInterfaceOrientationLandscapeLeft UIInterfaceOrientationLandscapeRight";
				LD_RUNPATH_SEARCH_PATHS = (
					"$(inherited)",
					"@executable_path/Frameworks",
				);
				MARKETING_VERSION = 1.0;
				PRODUCT_BUNDLE_IDENTIFIER = "com.drhasithwickramaratne.LiverpoolCardiacAnaesthesia.Liverpool-Cardiac-Anaesthesia-and-Medical-Perfusion";
				PRODUCT_NAME = "$(TARGET_NAME)";
				SWIFT_EMIT_LOC_STRINGS = YES;
				SWIFT_VERSION = 5.0;
				TARGETED_DEVICE_FAMILY = "1,2";
			};
			name = Debug;
		};
		F29798BA2A7DE88000208E9F /* Release */ = {
			isa = XCBuildConfiguration;
			buildSettings = {
				ASSETCATALOG_COMPILER_APPICON_NAME = AppIcon;
				ASSETCATALOG_COMPILER_GLOBAL_ACCENT_COLOR_NAME = AccentColor;
				CODE_SIGN_STYLE = Automatic;
				CURRENT_PROJECT_VERSION = 1;
				DEVELOPMENT_TEAM = 7QF8WN4ZQ2;
				GENERATE_INFOPLIST_FILE = YES;
				INFOPLIST_FILE = "Liverpool Cardiac Anaesthesia and Medical Perfusion/Info.plist";
				INFOPLIST_KEY_UIApplicationSupportsIndirectInputEvents = YES;
				INFOPLIST_KEY_UILaunchStoryboardName = LaunchScreen;
				INFOPLIST_KEY_UIMainStoryboardFile = Main;
				INFOPLIST_KEY_UISupportedInterfaceOrientations_iPad = "UIInterfaceOrientationPortrait UIInterfaceOrientationPortraitUpsideDown UIInterfaceOrientationLandscapeLeft UIInterfaceOrientationLandscapeRight";
				INFOPLIST_KEY_UISupportedInterfaceOrientations_iPhone = "UIInterfaceOrientationPortrait UIInterfaceOrientationLandscapeLeft UIInterfaceOrientationLandscapeRight";
				LD_RUNPATH_SEARCH_PATHS = (
					"$(inherited)",
					"@executable_path/Frameworks",
				);
				MARKETING_VERSION = 1.0;
				PRODUCT_BUNDLE_IDENTIFIER = "com.drhasithwickramaratne.LiverpoolCardiacAnaesthesia.Liverpool-Cardiac-Anaesthesia-and-Medical-Perfusion";
				PRODUCT_NAME = "$(TARGET_NAME)";
				SWIFT_EMIT_LOC_STRINGS = YES;
				SWIFT_VERSION = 5.0;
				TARGETED_DEVICE_FAMILY = "1,2";
			};
			name = Release;
		};
/* End XCBuildConfiguration section */

/* Begin XCConfigurationList section */
		F297989F2A7DE87F00208E9F /* Build configuration list for PBXProject "Liverpool Cardiac Anaesthesia and Medical Perfusion" */ = {
			isa = XCConfigurationList;
			buildConfigurations = (
				F29798B62A7DE88000208E9F /* Debug */,
				F29798B72A7DE88000208E9F /* Release */,
			);
			defaultConfigurationIsVisible = 0;
			defaultConfigurationName = Release;
		};
		F29798B82A7DE88000208E9F /* Build configuration list for PBXNativeTarget "Liverpool Cardiac Anaesthesia and Medical Perfusion" */ = {
			isa = XCConfigurationList;
			buildConfigurations = (
				F29798B92A7DE88000208E9F /* Debug */,
				F29798BA2A7DE88000208E9F /* Release */,
			);
			defaultConfigurationIsVisible = 0;
			defaultConfigurationName = Release;
		};
/* End XCConfigurationList section */
	};
	rootObject = F297989C2A7DE87F00208E9F /* Project object */;
}
